
Microsoft Visual Studio Solution File, Format Version 12.00
# Visual Studio 15
VisualStudioVersion = 15.0.28307.960
MinimumVisualStudioVersion = 10.0.40219.1
Project("{FAE04EC0-301F-11D3-BF4B-00C04F79EFBC}") = "CarPool.Model", "CarPool.Model\CarPool.Model.csproj", "{78F47426-E054-44C3-8482-632C4589EB24}"
EndProject
Project("{FAE04EC0-301F-11D3-BF4B-00C04F79EFBC}") = "CarPool.Services", "CarPool.Services\CarPool.Services.csproj", "{C917A471-9176-4B46-85A4-483892329A3F}"
EndProject
Project("{FAE04EC0-301F-11D3-BF4B-00C04F79EFBC}") = "CarPool.Enums", "CarPool.Enums\CarPool.Enums.csproj", "{C12998BA-7698-4748-8E4F-149005F569A3}"
EndProject
Project("{FAE04EC0-301F-11D3-BF4B-00C04F79EFBC}") = "ConsoleApp1", "ConsoleApp1\ConsoleApp1.csproj", "{C6C48AFE-DB40-48B1-BADB-A8F55BCD5548}"
EndProject
Project("{FAE04EC0-301F-11D3-BF4B-00C04F79EFBC}") = "CarPool.Application", "CarPool.Application\CarPool.Application.csproj", "{F9FDCBDE-9804-45AB-B318-00E464CDFBC6}"
EndProject
Project("{FAE04EC0-301F-11D3-BF4B-00C04F79EFBC}") = "CarPool.Repository", "CarPool.Repository\CarPool.Repository.csproj", "{88DDBE52-1F59-4898-8ADC-764E7898AA59}"
EndProject
Project("{FAE04EC0-301F-11D3-BF4B-00C04F79EFBC}") = "WebApplication1", "WebApplication1\WebApplication1.csproj", "{967F6EDF-9777-42C6-9893-EDCC4FD68413}"
EndProject
Project("{FAE04EC0-301F-11D3-BF4B-00C04F79EFBC}") = "CarPool.Controllers", "CarPool.Controllers\CarPool.Controllers.csproj", "{2345D4E5-A652-41AE-B4A6-96A1C3EBEE88}"
EndProject
Project("{FAE04EC0-301F-11D3-BF4B-00C04F79EFBC}") = "CarPool.Database", "CarPool.Database\CarPool.Database.csproj", "{913A7116-94FF-4920-BC90-7EEEC8B00015}"
EndProject
Project("{FAE04EC0-301F-11D3-BF4B-00C04F79EFBC}") = "WebApplication2", "WebApplication2\WebApplication2.csproj", "{7713F36C-0172-4E0C-99CD-0DA242FB6EFB}"
EndProject
Global
	GlobalSection(SolutionConfigurationPlatforms) = preSolution
		Debug|Any CPU = Debug|Any CPU
		Release|Any CPU = Release|Any CPU
	EndGlobalSection
	GlobalSection(ProjectConfigurationPlatforms) = postSolution
		{78F47426-E054-44C3-8482-632C4589EB24}.Debug|Any CPU.ActiveCfg = Debug|Any CPU
		{78F47426-E054-44C3-8482-632C4589EB24}.Debug|Any CPU.Build.0 = Debug|Any CPU
		{78F47426-E054-44C3-8482-632C4589EB24}.Release|Any CPU.ActiveCfg = Release|Any CPU
		{78F47426-E054-44C3-8482-632C4589EB24}.Release|Any CPU.Build.0 = Release|Any CPU
		{C917A471-9176-4B46-85A4-483892329A3F}.Debug|Any CPU.ActiveCfg = Debug|Any CPU
		{C917A471-9176-4B46-85A4-483892329A3F}.Debug|Any CPU.Build.0 = Debug|Any CPU
		{C917A471-9176-4B46-85A4-483892329A3F}.Release|Any CPU.ActiveCfg = Release|Any CPU
		{C917A471-9176-4B46-85A4-483892329A3F}.Release|Any CPU.Build.0 = Release|Any CPU
		{C12998BA-7698-4748-8E4F-149005F569A3}.Debug|Any CPU.ActiveCfg = Debug|Any CPU
		{C12998BA-7698-4748-8E4F-149005F569A3}.Debug|Any CPU.Build.0 = Debug|Any CPU
		{C12998BA-7698-4748-8E4F-149005F569A3}.Release|Any CPU.ActiveCfg = Release|Any CPU
		{C12998BA-7698-4748-8E4F-149005F569A3}.Release|Any CPU.Build.0 = Release|Any CPU
		{C6C48AFE-DB40-48B1-BADB-A8F55BCD5548}.Debug|Any CPU.ActiveCfg = Debug|Any CPU
		{C6C48AFE-DB40-48B1-BADB-A8F55BCD5548}.Debug|Any CPU.Build.0 = Debug|Any CPU
		{C6C48AFE-DB40-48B1-BADB-A8F55BCD5548}.Release|Any CPU.ActiveCfg = Release|Any CPU
		{C6C48AFE-DB40-48B1-BADB-A8F55BCD5548}.Release|Any CPU.Build.0 = Release|Any CPU
		{F9FDCBDE-9804-45AB-B318-00E464CDFBC6}.Debug|Any CPU.ActiveCfg = Debug|Any CPU
		{F9FDCBDE-9804-45AB-B318-00E464CDFBC6}.Debug|Any CPU.Build.0 = Debug|Any CPU
		{F9FDCBDE-9804-45AB-B318-00E464CDFBC6}.Release|Any CPU.ActiveCfg = Release|Any CPU
		{F9FDCBDE-9804-45AB-B318-00E464CDFBC6}.Release|Any CPU.Build.0 = Release|Any CPU
		{88DDBE52-1F59-4898-8ADC-764E7898AA59}.Debug|Any CPU.ActiveCfg = Debug|Any CPU
		{88DDBE52-1F59-4898-8ADC-764E7898AA59}.Debug|Any CPU.Build.0 = Debug|Any CPU
		{88DDBE52-1F59-4898-8ADC-764E7898AA59}.Release|Any CPU.ActiveCfg = Release|Any CPU
		{88DDBE52-1F59-4898-8ADC-764E7898AA59}.Release|Any CPU.Build.0 = Release|Any CPU
		{967F6EDF-9777-42C6-9893-EDCC4FD68413}.Debug|Any CPU.ActiveCfg = Debug|Any CPU
		{967F6EDF-9777-42C6-9893-EDCC4FD68413}.Debug|Any CPU.Build.0 = Debug|Any CPU
		{967F6EDF-9777-42C6-9893-EDCC4FD68413}.Release|Any CPU.ActiveCfg = Release|Any CPU
		{967F6EDF-9777-42C6-9893-EDCC4FD68413}.Release|Any CPU.Build.0 = Release|Any CPU
		{2345D4E5-A652-41AE-B4A6-96A1C3EBEE88}.Debug|Any CPU.ActiveCfg = Debug|Any CPU
		{2345D4E5-A652-41AE-B4A6-96A1C3EBEE88}.Debug|Any CPU.Build.0 = Debug|Any CPU
		{2345D4E5-A652-41AE-B4A6-96A1C3EBEE88}.Release|Any CPU.ActiveCfg = Release|Any CPU
		{2345D4E5-A652-41AE-B4A6-96A1C3EBEE88}.Release|Any CPU.Build.0 = Release|Any CPU
		{913A7116-94FF-4920-BC90-7EEEC8B00015}.Debug|Any CPU.ActiveCfg = Debug|Any CPU
		{913A7116-94FF-4920-BC90-7EEEC8B00015}.Debug|Any CPU.Build.0 = Debug|Any CPU
		{913A7116-94FF-4920-BC90-7EEEC8B00015}.Release|Any CPU.ActiveCfg = Release|Any CPU
		{913A7116-94FF-4920-BC90-7EEEC8B00015}.Release|Any CPU.Build.0 = Release|Any CPU
		{7713F36C-0172-4E0C-99CD-0DA242FB6EFB}.Debug|Any CPU.ActiveCfg = Debug|Any CPU
		{7713F36C-0172-4E0C-99CD-0DA242FB6EFB}.Debug|Any CPU.Build.0 = Debug|Any CPU
		{7713F36C-0172-4E0C-99CD-0DA242FB6EFB}.Release|Any CPU.ActiveCfg = Release|Any CPU
		{7713F36C-0172-4E0C-99CD-0DA242FB6EFB}.Release|Any CPU.Build.0 = Release|Any CPU
	EndGlobalSection
	GlobalSection(SolutionProperties) = preSolution
		HideSolutionNode = FALSE
	EndGlobalSection
	GlobalSection(ExtensibilityGlobals) = postSolution
		SolutionGuid = {70963542-7872-4668-BF72-BDE60417F384}
	EndGlobalSection
EndGlobal
